
Microsoft Visual Studio Solution File, Format Version 11.00
# Visual Studio 2010
Project("{FAE04EC0-301F-11D3-BF4B-00C04F79EFBC}") = "HeartbeatGlobalGameJam2013", "HeartbeatGlobalGameJam2013\HeartbeatGlobalGameJam2013\HeartbeatGlobalGameJam2013.csproj", "{43704D64-43F9-4615-8976-54BDF319D7E3}"
EndProject
Project("{FAE04EC0-301F-11D3-BF4B-00C04F79EFBC}") = "HeartbeatGlobalGameJam2013Content", "HeartbeatGlobalGameJam2013\HeartbeatGlobalGameJam2013Content\HeartbeatGlobalGameJam2013Content.contentproj", "{BC741F8B-21C8-400D-B673-115A9C528A2C}"
EndProject
Global
	GlobalSection(SolutionConfigurationPlatforms) = preSolution
		Debug|x86 = Debug|x86
		Release|x86 = Release|x86
	EndGlobalSection
	GlobalSection(ProjectConfigurationPlatforms) = postSolution
		{43704D64-43F9-4615-8976-54BDF319D7E3}.Debug|x86.ActiveCfg = Debug|x86
		{43704D64-43F9-4615-8976-54BDF319D7E3}.Debug|x86.Build.0 = Debug|x86
		{43704D64-43F9-4615-8976-54BDF319D7E3}.Release|x86.ActiveCfg = Release|x86
		{43704D64-43F9-4615-8976-54BDF319D7E3}.Release|x86.Build.0 = Release|x86
		{BC741F8B-21C8-400D-B673-115A9C528A2C}.Debug|x86.ActiveCfg = Debug|x86
		{BC741F8B-21C8-400D-B673-115A9C528A2C}.Release|x86.ActiveCfg = Release|x86
	EndGlobalSection
	GlobalSection(SolutionProperties) = preSolution
		HideSolutionNode = FALSE
	EndGlobalSection
EndGlobal
